
Microsoft Visual Studio Solution File, Format Version 12.00
# Visual Studio Version 17
VisualStudioVersion = 17.0.31912.275
MinimumVisualStudioVersion = 10.0.40219.1
Project("{9A19103F-16F7-4668-BE54-9A1E7A4F7556}") = "Entity", "Entity\Entity.csproj", "{2717B179-B974-4870-A397-AF5E44127EFE}"
EndProject
Project("{9A19103F-16F7-4668-BE54-9A1E7A4F7556}") = "Business", "Business\Business.csproj", "{ADF0E3AE-BD03-4B5E-A4D0-EFCB8A41604C}"
EndProject
Project("{9A19103F-16F7-4668-BE54-9A1E7A4F7556}") = "DataAccess", "DataAccess\DataAccess.csproj", "{48E46B43-BCD7-4725-9BC1-F61ED5E852F8}"
EndProject
Project("{9A19103F-16F7-4668-BE54-9A1E7A4F7556}") = "WebAPI", "WebAPI\WebAPI.csproj", "{B4212A4D-5B05-48E3-BD43-88269BF7B92C}"
EndProject
Project("{9A19103F-16F7-4668-BE54-9A1E7A4F7556}") = "ConsoleUI", "ConsoleUI\ConsoleUI.csproj", "{10FCFBCF-F7B8-416A-B729-D004A1C3D3B2}"
EndProject
Project("{FAE04EC0-301F-11D3-BF4B-00C04F79EFBC}") = "Business.Tests", "Business.Tests\Business.Tests.csproj", "{79D87CA1-2456-4267-BFF5-6BEE32186D82}"
EndProject
Global
	GlobalSection(SolutionConfigurationPlatforms) = preSolution
		Debug|Any CPU = Debug|Any CPU
		Release|Any CPU = Release|Any CPU
	EndGlobalSection
	GlobalSection(ProjectConfigurationPlatforms) = postSolution
		{2717B179-B974-4870-A397-AF5E44127EFE}.Debug|Any CPU.ActiveCfg = Debug|Any CPU
		{2717B179-B974-4870-A397-AF5E44127EFE}.Debug|Any CPU.Build.0 = Debug|Any CPU
		{2717B179-B974-4870-A397-AF5E44127EFE}.Release|Any CPU.ActiveCfg = Release|Any CPU
		{2717B179-B974-4870-A397-AF5E44127EFE}.Release|Any CPU.Build.0 = Release|Any CPU
		{ADF0E3AE-BD03-4B5E-A4D0-EFCB8A41604C}.Debug|Any CPU.ActiveCfg = Debug|Any CPU
		{ADF0E3AE-BD03-4B5E-A4D0-EFCB8A41604C}.Debug|Any CPU.Build.0 = Debug|Any CPU
		{ADF0E3AE-BD03-4B5E-A4D0-EFCB8A41604C}.Release|Any CPU.ActiveCfg = Release|Any CPU
		{ADF0E3AE-BD03-4B5E-A4D0-EFCB8A41604C}.Release|Any CPU.Build.0 = Release|Any CPU
		{48E46B43-BCD7-4725-9BC1-F61ED5E852F8}.Debug|Any CPU.ActiveCfg = Debug|Any CPU
		{48E46B43-BCD7-4725-9BC1-F61ED5E852F8}.Debug|Any CPU.Build.0 = Debug|Any CPU
		{48E46B43-BCD7-4725-9BC1-F61ED5E852F8}.Release|Any CPU.ActiveCfg = Release|Any CPU
		{48E46B43-BCD7-4725-9BC1-F61ED5E852F8}.Release|Any CPU.Build.0 = Release|Any CPU
		{B4212A4D-5B05-48E3-BD43-88269BF7B92C}.Debug|Any CPU.ActiveCfg = Debug|Any CPU
		{B4212A4D-5B05-48E3-BD43-88269BF7B92C}.Debug|Any CPU.Build.0 = Debug|Any CPU
		{B4212A4D-5B05-48E3-BD43-88269BF7B92C}.Release|Any CPU.ActiveCfg = Release|Any CPU
		{B4212A4D-5B05-48E3-BD43-88269BF7B92C}.Release|Any CPU.Build.0 = Release|Any CPU
		{10FCFBCF-F7B8-416A-B729-D004A1C3D3B2}.Debug|Any CPU.ActiveCfg = Debug|Any CPU
		{10FCFBCF-F7B8-416A-B729-D004A1C3D3B2}.Debug|Any CPU.Build.0 = Debug|Any CPU
		{10FCFBCF-F7B8-416A-B729-D004A1C3D3B2}.Release|Any CPU.ActiveCfg = Release|Any CPU
		{10FCFBCF-F7B8-416A-B729-D004A1C3D3B2}.Release|Any CPU.Build.0 = Release|Any CPU
		{79D87CA1-2456-4267-BFF5-6BEE32186D82}.Debug|Any CPU.ActiveCfg = Debug|Any CPU
		{79D87CA1-2456-4267-BFF5-6BEE32186D82}.Debug|Any CPU.Build.0 = Debug|Any CPU
		{79D87CA1-2456-4267-BFF5-6BEE32186D82}.Release|Any CPU.ActiveCfg = Release|Any CPU
		{79D87CA1-2456-4267-BFF5-6BEE32186D82}.Release|Any CPU.Build.0 = Release|Any CPU
	EndGlobalSection
	GlobalSection(SolutionProperties) = preSolution
		HideSolutionNode = FALSE
	EndGlobalSection
	GlobalSection(ExtensibilityGlobals) = postSolution
		SolutionGuid = {0CE73B2D-B66A-4A65-BAC2-E3391532EED2}
	EndGlobalSection
EndGlobal
